
Microsoft Visual Studio Solution File, Format Version 12.00
# Visual Studio Version 16
VisualStudioVersion = 16.0.30907.101
MinimumVisualStudioVersion = 10.0.40219.1
Project("{9A19103F-16F7-4668-BE54-9A1E7A4F7556}") = "StringLibrary", "StringLibrary\StringLibrary.csproj", "{B3DA9FB1-A3E1-45FC-9901-EC2AAA0BF748}"
EndProject
Project("{FAE04EC0-301F-11D3-BF4B-00C04F79EFBC}") = "ConsoleApp1", "ConsoleApp1\ConsoleApp1.csproj", "{E9477F81-E413-40E4-B205-8421AE17C490}"
EndProject
Project("{FAE04EC0-301F-11D3-BF4B-00C04F79EFBC}") = "RevisoSharp", "RevisoSharp\RevisoSharp.csproj", "{C84EB907-C890-4C6A-8790-6B4D56525380}"
EndProject
Global
	GlobalSection(SolutionConfigurationPlatforms) = preSolution
		Debug|Any CPU = Debug|Any CPU
		Release|Any CPU = Release|Any CPU
	EndGlobalSection
	GlobalSection(ProjectConfigurationPlatforms) = postSolution
		{B3DA9FB1-A3E1-45FC-9901-EC2AAA0BF748}.Debug|Any CPU.ActiveCfg = Debug|Any CPU
		{B3DA9FB1-A3E1-45FC-9901-EC2AAA0BF748}.Debug|Any CPU.Build.0 = Debug|Any CPU
		{B3DA9FB1-A3E1-45FC-9901-EC2AAA0BF748}.Release|Any CPU.ActiveCfg = Release|Any CPU
		{B3DA9FB1-A3E1-45FC-9901-EC2AAA0BF748}.Release|Any CPU.Build.0 = Release|Any CPU
		{E9477F81-E413-40E4-B205-8421AE17C490}.Debug|Any CPU.ActiveCfg = Debug|Any CPU
		{E9477F81-E413-40E4-B205-8421AE17C490}.Debug|Any CPU.Build.0 = Debug|Any CPU
		{E9477F81-E413-40E4-B205-8421AE17C490}.Release|Any CPU.ActiveCfg = Release|Any CPU
		{E9477F81-E413-40E4-B205-8421AE17C490}.Release|Any CPU.Build.0 = Release|Any CPU
		{C84EB907-C890-4C6A-8790-6B4D56525380}.Debug|Any CPU.ActiveCfg = Debug|Any CPU
		{C84EB907-C890-4C6A-8790-6B4D56525380}.Debug|Any CPU.Build.0 = Debug|Any CPU
		{C84EB907-C890-4C6A-8790-6B4D56525380}.Release|Any CPU.ActiveCfg = Release|Any CPU
		{C84EB907-C890-4C6A-8790-6B4D56525380}.Release|Any CPU.Build.0 = Release|Any CPU
	EndGlobalSection
	GlobalSection(SolutionProperties) = preSolution
		HideSolutionNode = FALSE
	EndGlobalSection
	GlobalSection(ExtensibilityGlobals) = postSolution
		SolutionGuid = {CAC6D2AA-3BB0-441A-A30B-2B9972648D20}
	EndGlobalSection
EndGlobal
