
Microsoft Visual Studio Solution File, Format Version 12.00
# Visual Studio Version 17
VisualStudioVersion = 17.5.002.0
MinimumVisualStudioVersion = 10.0.40219.1
Project("{9A19103F-16F7-4668-BE54-9A1E7A4F7556}") = "RevisoSharp", "RevisoSharp.csproj", "{B0D6544C-9BED-46AE-9BBD-7643223A58A8}"
EndProject
Global
	GlobalSection(SolutionConfigurationPlatforms) = preSolution
		Debug|Any CPU = Debug|Any CPU
		Release|Any CPU = Release|Any CPU
	EndGlobalSection
	GlobalSection(ProjectConfigurationPlatforms) = postSolution
		{B0D6544C-9BED-46AE-9BBD-7643223A58A8}.Debug|Any CPU.ActiveCfg = Debug|Any CPU
		{B0D6544C-9BED-46AE-9BBD-7643223A58A8}.Debug|Any CPU.Build.0 = Debug|Any CPU
		{B0D6544C-9BED-46AE-9BBD-7643223A58A8}.Release|Any CPU.ActiveCfg = Release|Any CPU
		{B0D6544C-9BED-46AE-9BBD-7643223A58A8}.Release|Any CPU.Build.0 = Release|Any CPU
	EndGlobalSection
	GlobalSection(SolutionProperties) = preSolution
		HideSolutionNode = FALSE
	EndGlobalSection
	GlobalSection(ExtensibilityGlobals) = postSolution
		SolutionGuid = {F9D884FE-3AA5-4D68-8FD8-9B82110FEC66}
	EndGlobalSection
EndGlobal
